
Microsoft Visual Studio Solution File, Format Version 12.00
# Visual Studio Version 17
VisualStudioVersion = 17.10.34916.146
MinimumVisualStudioVersion = 10.0.40219.1
Project("{9A19103F-16F7-4668-BE54-9A1E7A4F7556}") = "BusinessObjects", "BusinessObjects\BusinessObjects.csproj", "{55E20BCA-C5D8-4DF7-8413-99FCBD95C68C}"
EndProject
Project("{9A19103F-16F7-4668-BE54-9A1E7A4F7556}") = "Repositories", "Repositories\Repositories.csproj", "{EEE0CA82-009D-4038-8A16-B0F56B3BDE0E}"
EndProject
Project("{9A19103F-16F7-4668-BE54-9A1E7A4F7556}") = "Services", "Services\Services.csproj", "{DC9E1BBE-3CC6-4096-866C-743B804DA0E1}"
EndProject
Project("{9A19103F-16F7-4668-BE54-9A1E7A4F7556}") = "ProductManagement", "ProductManagement\ProductManagement.csproj", "{E713C743-F156-4E5E-A3CF-2D17F3FDB5E5}"
EndProject
Project("{9A19103F-16F7-4668-BE54-9A1E7A4F7556}") = "DataAccessLayer", "DataAccessLayer\DataAccessLayer.csproj", "{085B9271-2F40-48EC-98E2-ACE1DD7EF6A0}"
EndProject
Global
	GlobalSection(SolutionConfigurationPlatforms) = preSolution
		Debug|Any CPU = Debug|Any CPU
		Release|Any CPU = Release|Any CPU
	EndGlobalSection
	GlobalSection(ProjectConfigurationPlatforms) = postSolution
		{55E20BCA-C5D8-4DF7-8413-99FCBD95C68C}.Debug|Any CPU.ActiveCfg = Debug|Any CPU
		{55E20BCA-C5D8-4DF7-8413-99FCBD95C68C}.Debug|Any CPU.Build.0 = Debug|Any CPU
		{55E20BCA-C5D8-4DF7-8413-99FCBD95C68C}.Release|Any CPU.ActiveCfg = Release|Any CPU
		{55E20BCA-C5D8-4DF7-8413-99FCBD95C68C}.Release|Any CPU.Build.0 = Release|Any CPU
		{EEE0CA82-009D-4038-8A16-B0F56B3BDE0E}.Debug|Any CPU.ActiveCfg = Debug|Any CPU
		{EEE0CA82-009D-4038-8A16-B0F56B3BDE0E}.Debug|Any CPU.Build.0 = Debug|Any CPU
		{EEE0CA82-009D-4038-8A16-B0F56B3BDE0E}.Release|Any CPU.ActiveCfg = Release|Any CPU
		{EEE0CA82-009D-4038-8A16-B0F56B3BDE0E}.Release|Any CPU.Build.0 = Release|Any CPU
		{DC9E1BBE-3CC6-4096-866C-743B804DA0E1}.Debug|Any CPU.ActiveCfg = Debug|Any CPU
		{DC9E1BBE-3CC6-4096-866C-743B804DA0E1}.Debug|Any CPU.Build.0 = Debug|Any CPU
		{DC9E1BBE-3CC6-4096-866C-743B804DA0E1}.Release|Any CPU.ActiveCfg = Release|Any CPU
		{DC9E1BBE-3CC6-4096-866C-743B804DA0E1}.Release|Any CPU.Build.0 = Release|Any CPU
		{E713C743-F156-4E5E-A3CF-2D17F3FDB5E5}.Debug|Any CPU.ActiveCfg = Debug|Any CPU
		{E713C743-F156-4E5E-A3CF-2D17F3FDB5E5}.Debug|Any CPU.Build.0 = Debug|Any CPU
		{E713C743-F156-4E5E-A3CF-2D17F3FDB5E5}.Release|Any CPU.ActiveCfg = Release|Any CPU
		{E713C743-F156-4E5E-A3CF-2D17F3FDB5E5}.Release|Any CPU.Build.0 = Release|Any CPU
		{085B9271-2F40-48EC-98E2-ACE1DD7EF6A0}.Debug|Any CPU.ActiveCfg = Debug|Any CPU
		{085B9271-2F40-48EC-98E2-ACE1DD7EF6A0}.Debug|Any CPU.Build.0 = Debug|Any CPU
		{085B9271-2F40-48EC-98E2-ACE1DD7EF6A0}.Release|Any CPU.ActiveCfg = Release|Any CPU
		{085B9271-2F40-48EC-98E2-ACE1DD7EF6A0}.Release|Any CPU.Build.0 = Release|Any CPU
	EndGlobalSection
	GlobalSection(SolutionProperties) = preSolution
		HideSolutionNode = FALSE
	EndGlobalSection
	GlobalSection(ExtensibilityGlobals) = postSolution
		SolutionGuid = {A34B31F7-ED76-4A4C-9B3E-3423670869A5}
	EndGlobalSection
EndGlobal
